{
  "name": "agent-forensic-handoff",
  "version": "0.2.0",
  "lockfileVersion": 3,
  "requires": true,
  "packages": {
    "": {
      "name": "agent-forensic-handoff",
      "version": "0.2.0",
      "license": "Apache-2.0",
      "bin": {
        "afh": "bin/afh.js"
      },
      "engines": {
        "node": ">=22.15"
      }
    }
  }
}
